
Microsoft Visual Studio Solution File, Format Version 12.00
# Visual Studio Version 16
VisualStudioVersion = 16.0.30011.22
MinimumVisualStudioVersion = 10.0.40219.1
Project("{8BC9CEB8-8B4A-11D0-8D11-00A0C91BC942}") = "Project1", "Project1.vcxproj", "{12077239-B2CB-4699-A917-9E67F8B9C4FB}"
EndProject
Global
	GlobalSection(SolutionConfigurationPlatforms) = preSolution
		Debug|x64 = Debug|x64
		Debug|x86 = Debug|x86
		Release|x64 = Release|x64
		Release|x86 = Release|x86
	EndGlobalSection
	GlobalSection(ProjectConfigurationPlatforms) = postSolution
		{12077239-B2CB-4699-A917-9E67F8B9C4FB}.Debug|x64.ActiveCfg = Debug|x64
		{12077239-B2CB-4699-A917-9E67F8B9C4FB}.Debug|x64.Build.0 = Debug|x64
		{12077239-B2CB-4699-A917-9E67F8B9C4FB}.Debug|x86.ActiveCfg = Debug|Win32
		{12077239-B2CB-4699-A917-9E67F8B9C4FB}.Debug|x86.Build.0 = Debug|Win32
		{12077239-B2CB-4699-A917-9E67F8B9C4FB}.Release|x64.ActiveCfg = Release|x64
		{12077239-B2CB-4699-A917-9E67F8B9C4FB}.Release|x64.Build.0 = Release|x64
		{12077239-B2CB-4699-A917-9E67F8B9C4FB}.Release|x86.ActiveCfg = Release|Win32
		{12077239-B2CB-4699-A917-9E67F8B9C4FB}.Release|x86.Build.0 = Release|Win32
	EndGlobalSection
	GlobalSection(SolutionProperties) = preSolution
		HideSolutionNode = FALSE
	EndGlobalSection
	GlobalSection(ExtensibilityGlobals) = postSolution
		SolutionGuid = {E31DB5D0-DB14-4F0F-BE4F-32E7DA7241D1}
	EndGlobalSection
EndGlobal
