
Microsoft Visual Studio Solution File, Format Version 12.00
# Visual Studio Version 16
VisualStudioVersion = 16.0.29926.136
MinimumVisualStudioVersion = 10.0.40219.1
Project("{8BC9CEB8-8B4A-11D0-8D11-00A0C91BC942}") = "1", "1.vcxproj", "{637F5CC7-06B2-4916-BFF9-A51BFE52D4DE}"
EndProject
Global
	GlobalSection(SolutionConfigurationPlatforms) = preSolution
		Debug|x64 = Debug|x64
		Debug|x86 = Debug|x86
		Release|x64 = Release|x64
		Release|x86 = Release|x86
	EndGlobalSection
	GlobalSection(ProjectConfigurationPlatforms) = postSolution
		{637F5CC7-06B2-4916-BFF9-A51BFE52D4DE}.Debug|x64.ActiveCfg = Debug|x64
		{637F5CC7-06B2-4916-BFF9-A51BFE52D4DE}.Debug|x64.Build.0 = Debug|x64
		{637F5CC7-06B2-4916-BFF9-A51BFE52D4DE}.Debug|x86.ActiveCfg = Debug|Win32
		{637F5CC7-06B2-4916-BFF9-A51BFE52D4DE}.Debug|x86.Build.0 = Debug|Win32
		{637F5CC7-06B2-4916-BFF9-A51BFE52D4DE}.Release|x64.ActiveCfg = Release|x64
		{637F5CC7-06B2-4916-BFF9-A51BFE52D4DE}.Release|x64.Build.0 = Release|x64
		{637F5CC7-06B2-4916-BFF9-A51BFE52D4DE}.Release|x86.ActiveCfg = Release|Win32
		{637F5CC7-06B2-4916-BFF9-A51BFE52D4DE}.Release|x86.Build.0 = Release|Win32
	EndGlobalSection
	GlobalSection(SolutionProperties) = preSolution
		HideSolutionNode = FALSE
	EndGlobalSection
	GlobalSection(ExtensibilityGlobals) = postSolution
		SolutionGuid = {1D59AE67-C901-4EE7-B05F-7880D31DCD18}
	EndGlobalSection
EndGlobal
