
Microsoft Visual Studio Solution File, Format Version 12.00
# Visual Studio Version 16
VisualStudioVersion = 16.0.29926.136
MinimumVisualStudioVersion = 10.0.40219.1
Project("{8BC9CEB8-8B4A-11D0-8D11-00A0C91BC942}") = "bai 4.5", "bai 4.5.vcxproj", "{A974BC98-AC78-4E14-AB13-9AFFE5E69903}"
EndProject
Global
	GlobalSection(SolutionConfigurationPlatforms) = preSolution
		Debug|x64 = Debug|x64
		Debug|x86 = Debug|x86
		Release|x64 = Release|x64
		Release|x86 = Release|x86
	EndGlobalSection
	GlobalSection(ProjectConfigurationPlatforms) = postSolution
		{A974BC98-AC78-4E14-AB13-9AFFE5E69903}.Debug|x64.ActiveCfg = Debug|x64
		{A974BC98-AC78-4E14-AB13-9AFFE5E69903}.Debug|x64.Build.0 = Debug|x64
		{A974BC98-AC78-4E14-AB13-9AFFE5E69903}.Debug|x86.ActiveCfg = Debug|Win32
		{A974BC98-AC78-4E14-AB13-9AFFE5E69903}.Debug|x86.Build.0 = Debug|Win32
		{A974BC98-AC78-4E14-AB13-9AFFE5E69903}.Release|x64.ActiveCfg = Release|x64
		{A974BC98-AC78-4E14-AB13-9AFFE5E69903}.Release|x64.Build.0 = Release|x64
		{A974BC98-AC78-4E14-AB13-9AFFE5E69903}.Release|x86.ActiveCfg = Release|Win32
		{A974BC98-AC78-4E14-AB13-9AFFE5E69903}.Release|x86.Build.0 = Release|Win32
	EndGlobalSection
	GlobalSection(SolutionProperties) = preSolution
		HideSolutionNode = FALSE
	EndGlobalSection
	GlobalSection(ExtensibilityGlobals) = postSolution
		SolutionGuid = {190EC38D-CAD4-4454-9EC0-3209C3898C57}
	EndGlobalSection
EndGlobal
